
Microsoft Visual Studio Solution File, Format Version 12.00
# Visual Studio Version 16
VisualStudioVersion = 16.0.31105.61
MinimumVisualStudioVersion = 10.0.40219.1
Project("{FAE04EC0-301F-11D3-BF4B-00C04F79EFBC}") = "ParserByFenric", "ParserByFenric\ParserByFenric.csproj", "{C51C61DD-9888-4BB1-9275-02C9B08A9522}"
EndProject
Project("{FAE04EC0-301F-11D3-BF4B-00C04F79EFBC}") = "Parser", "Parser\Parser.csproj", "{5C4F6513-E3EC-4C46-BD09-332BE1697F51}"
EndProject
Project("{FAE04EC0-301F-11D3-BF4B-00C04F79EFBC}") = "ViewModel", "ViewModel\ViewModel.csproj", "{5C45A848-C067-4044-8D22-B0740695A751}"
EndProject
Global
	GlobalSection(SolutionConfigurationPlatforms) = preSolution
		Debug|Any CPU = Debug|Any CPU
		Release|Any CPU = Release|Any CPU
	EndGlobalSection
	GlobalSection(ProjectConfigurationPlatforms) = postSolution
		{C51C61DD-9888-4BB1-9275-02C9B08A9522}.Debug|Any CPU.ActiveCfg = Debug|Any CPU
		{C51C61DD-9888-4BB1-9275-02C9B08A9522}.Debug|Any CPU.Build.0 = Debug|Any CPU
		{C51C61DD-9888-4BB1-9275-02C9B08A9522}.Release|Any CPU.ActiveCfg = Release|Any CPU
		{C51C61DD-9888-4BB1-9275-02C9B08A9522}.Release|Any CPU.Build.0 = Release|Any CPU
		{5C4F6513-E3EC-4C46-BD09-332BE1697F51}.Debug|Any CPU.ActiveCfg = Debug|Any CPU
		{5C4F6513-E3EC-4C46-BD09-332BE1697F51}.Debug|Any CPU.Build.0 = Debug|Any CPU
		{5C4F6513-E3EC-4C46-BD09-332BE1697F51}.Release|Any CPU.ActiveCfg = Release|Any CPU
		{5C4F6513-E3EC-4C46-BD09-332BE1697F51}.Release|Any CPU.Build.0 = Release|Any CPU
		{5C45A848-C067-4044-8D22-B0740695A751}.Debug|Any CPU.ActiveCfg = Debug|Any CPU
		{5C45A848-C067-4044-8D22-B0740695A751}.Debug|Any CPU.Build.0 = Debug|Any CPU
		{5C45A848-C067-4044-8D22-B0740695A751}.Release|Any CPU.ActiveCfg = Release|Any CPU
		{5C45A848-C067-4044-8D22-B0740695A751}.Release|Any CPU.Build.0 = Release|Any CPU
	EndGlobalSection
	GlobalSection(SolutionProperties) = preSolution
		HideSolutionNode = FALSE
	EndGlobalSection
	GlobalSection(ExtensibilityGlobals) = postSolution
		SolutionGuid = {DE517126-3286-4308-AC2C-3983DEE25ED8}
	EndGlobalSection
EndGlobal
